{
  "originHash" : "d3316bee290202a20dd3f115ff192838a53f6f3edb3dc2558e95f19ab552a2f9",
  "pins" : [
    {
      "identity" : "pisano-ios",
      "kind" : "remoteSourceControl",
      "location" : "https://github.com/Pisano/pisano-ios.git",
      "state" : {
        "revision" : "fc5a2e8559a1da1c869f3fc2b9bad0052c3bbb9d",
        "version" : "1.0.16"
      }
    }
  ],
  "version" : 3
}
