{
  "originHash" : "d3316bee290202a20dd3f115ff192838a53f6f3edb3dc2558e95f19ab552a2f9",
  "pins" : [
    {
      "identity" : "pisano-ios",
      "kind" : "remoteSourceControl",
      "location" : "https://github.com/Pisano/pisano-ios.git",
      "state" : {
        "revision" : "43b3c11db6489b4e8ce755969601b84c18c7aff0",
        "version" : "1.0.18"
      }
    }
  ],
  "version" : 3
}
