// !$*UTF8*$!
{
	archiveVersion = 1;
	classes = {
	};
	objectVersion = 55;
	objects = {

/* Begin PBXBuildFile section */
		B0AAFF20281A8EEF004BC814 /* feedbackApp.swift in Sources */ = {isa = PBXBuildFile; fileRef = B0AAFF1F281A8EEF004BC814 /* feedbackApp.swift */; };
		B0AAFF22281A8EEF004BC814 /* ContentView.swift in Sources */ = {isa = PBXBuildFile; fileRef = B0AAFF21281A8EEF004BC814 /* ContentView.swift */; };
		B0AAFF24281A8EF2004BC814 /* Assets.xcassets in Resources */ = {isa = PBXBuildFile; fileRef = B0AAFF23281A8EF2004BC814 /* Assets.xcassets */; };
		B0AAFF27281A8EF2004BC814 /* Preview Assets.xcassets in Resources */ = {isa = PBXBuildFile; fileRef = B0AAFF26281A8EF2004BC814 /* Preview Assets.xcassets */; };
		B0AAFF2F281C0892004BC814 /* ColorUtil.swift in Sources */ = {isa = PBXBuildFile; fileRef = B0AAFF2E281C0892004BC814 /* ColorUtil.swift */; };
		B0AAFF34281C103D004BC814 /* HomeView.swift in Sources */ = {isa = PBXBuildFile; fileRef = B0AAFF33281C103D004BC814 /* HomeView.swift */; };
		B0AAFF36281C1061004BC814 /* SplashView.swift in Sources */ = {isa = PBXBuildFile; fileRef = B0AAFF35281C1061004BC814 /* SplashView.swift */; };
		B0AAFF38281C109D004BC814 /* NavigationManager.swift in Sources */ = {isa = PBXBuildFile; fileRef = B0AAFF37281C109D004BC814 /* NavigationManager.swift */; };
/* End PBXBuildFile section */

/* Begin PBXFileReference section */
		B0AAFF1C281A8EEF004BC814 /* feedback.app */ = {isa = PBXFileReference; explicitFileType = wrapper.application; includeInIndex = 0; path = feedback.app; sourceTree = BUILT_PRODUCTS_DIR; };
		B0AAFF1F281A8EEF004BC814 /* feedbackApp.swift */ = {isa = PBXFileReference; lastKnownFileType = sourcecode.swift; path = feedbackApp.swift; sourceTree = "<group>"; };
		B0AAFF21281A8EEF004BC814 /* ContentView.swift */ = {isa = PBXFileReference; lastKnownFileType = sourcecode.swift; path = ContentView.swift; sourceTree = "<group>"; };
		B0AAFF23281A8EF2004BC814 /* Assets.xcassets */ = {isa = PBXFileReference; lastKnownFileType = folder.assetcatalog; path = Assets.xcassets; sourceTree = "<group>"; };
		B0AAFF26281A8EF2004BC814 /* Preview Assets.xcassets */ = {isa = PBXFileReference; lastKnownFileType = folder.assetcatalog; path = "Preview Assets.xcassets"; sourceTree = "<group>"; };
		B0AAFF2E281C0892004BC814 /* ColorUtil.swift */ = {isa = PBXFileReference; lastKnownFileType = sourcecode.swift; path = ColorUtil.swift; sourceTree = "<group>"; };
		B0AAFF33281C103D004BC814 /* HomeView.swift */ = {isa = PBXFileReference; lastKnownFileType = sourcecode.swift; path = HomeView.swift; sourceTree = "<group>"; };
		B0AAFF35281C1061004BC814 /* SplashView.swift */ = {isa = PBXFileReference; lastKnownFileType = sourcecode.swift; path = SplashView.swift; sourceTree = "<group>"; };
		B0AAFF37281C109D004BC814 /* NavigationManager.swift */ = {isa = PBXFileReference; lastKnownFileType = sourcecode.swift; path = NavigationManager.swift; sourceTree = "<group>"; };
/* End PBXFileReference section */

/* Begin PBXFrameworksBuildPhase section */
		B0AAFF19281A8EEF004BC814 /* Frameworks */ = {
			isa = PBXFrameworksBuildPhase;
			buildActionMask = 2147483647;
			files = (
			);
			runOnlyForDeploymentPostprocessing = 0;
		};
/* End PBXFrameworksBuildPhase section */

/* Begin PBXGroup section */
		B0AAFF13281A8EEF004BC814 = {
			isa = PBXGroup;
			children = (
				B0AAFF1E281A8EEF004BC814 /* feedback */,
				B0AAFF1D281A8EEF004BC814 /* Products */,
			);
			sourceTree = "<group>";
		};
		B0AAFF1D281A8EEF004BC814 /* Products */ = {
			isa = PBXGroup;
			children = (
				B0AAFF1C281A8EEF004BC814 /* feedback.app */,
			);
			name = Products;
			sourceTree = "<group>";
		};
		B0AAFF1E281A8EEF004BC814 /* feedback */ = {
			isa = PBXGroup;
			children = (
				B0AAFF30281C0FF3004BC814 /* screens */,
				B0AAFF2D281C0876004BC814 /* utils */,
				B0AAFF1F281A8EEF004BC814 /* feedbackApp.swift */,
				B0AAFF21281A8EEF004BC814 /* ContentView.swift */,
				B0AAFF23281A8EF2004BC814 /* Assets.xcassets */,
				B0AAFF25281A8EF2004BC814 /* Preview Content */,
			);
			path = feedback;
			sourceTree = "<group>";
		};
		B0AAFF25281A8EF2004BC814 /* Preview Content */ = {
			isa = PBXGroup;
			children = (
				B0AAFF26281A8EF2004BC814 /* Preview Assets.xcassets */,
			);
			path = "Preview Content";
			sourceTree = "<group>";
		};
		B0AAFF2D281C0876004BC814 /* utils */ = {
			isa = PBXGroup;
			children = (
				B0AAFF2E281C0892004BC814 /* ColorUtil.swift */,
				B0AAFF37281C109D004BC814 /* NavigationManager.swift */,
			);
			path = utils;
			sourceTree = "<group>";
		};
		B0AAFF30281C0FF3004BC814 /* screens */ = {
			isa = PBXGroup;
			children = (
				B0AAFF33281C103D004BC814 /* HomeView.swift */,
				B0AAFF35281C1061004BC814 /* SplashView.swift */,
			);
			path = screens;
			sourceTree = "<group>";
		};
/* End PBXGroup section */

/* Begin PBXNativeTarget section */
		B0AAFF1B281A8EEF004BC814 /* feedback */ = {
			isa = PBXNativeTarget;
			buildConfigurationList = B0AAFF2A281A8EF2004BC814 /* Build configuration list for PBXNativeTarget "feedback" */;
			buildPhases = (
				B0AAFF18281A8EEF004BC814 /* Sources */,
				B0AAFF19281A8EEF004BC814 /* Frameworks */,
				B0AAFF1A281A8EEF004BC814 /* Resources */,
			);
			buildRules = (
			);
			dependencies = (
			);
			name = feedback;
			productName = feedback;
			productReference = B0AAFF1C281A8EEF004BC814 /* feedback.app */;
			productType = "com.apple.product-type.application";
		};
/* End PBXNativeTarget section */

/* Begin PBXProject section */
		B0AAFF14281A8EEF004BC814 /* Project object */ = {
			isa = PBXProject;
			attributes = {
				BuildIndependentTargetsInParallel = 1;
				LastSwiftUpdateCheck = 1330;
				LastUpgradeCheck = 1330;
				TargetAttributes = {
					B0AAFF1B281A8EEF004BC814 = {
						CreatedOnToolsVersion = 13.3.1;
					};
				};
			};
			buildConfigurationList = B0AAFF17281A8EEF004BC814 /* Build configuration list for PBXProject "feedback" */;
			compatibilityVersion = "Xcode 13.0";
			developmentRegion = en;
			hasScannedForEncodings = 0;
			knownRegions = (
				en,
				Base,
			);
			mainGroup = B0AAFF13281A8EEF004BC814;
			productRefGroup = B0AAFF1D281A8EEF004BC814 /* Products */;
			projectDirPath = "";
			projectRoot = "";
			targets = (
				B0AAFF1B281A8EEF004BC814 /* feedback */,
			);
		};
/* End PBXProject section */

/* Begin PBXResourcesBuildPhase section */
		B0AAFF1A281A8EEF004BC814 /* Resources */ = {
			isa = PBXResourcesBuildPhase;
			buildActionMask = 2147483647;
			files = (
				B0AAFF27281A8EF2004BC814 /* Preview Assets.xcassets in Resources */,
				B0AAFF24281A8EF2004BC814 /* Assets.xcassets in Resources */,
			);
			runOnlyForDeploymentPostprocessing = 0;
		};
/* End PBXResourcesBuildPhase section */

/* Begin PBXSourcesBuildPhase section */
		B0AAFF18281A8EEF004BC814 /* Sources */ = {
			isa = PBXSourcesBuildPhase;
			buildActionMask = 2147483647;
			files = (
				B0AAFF2F281C0892004BC814 /* ColorUtil.swift in Sources */,
				B0AAFF34281C103D004BC814 /* HomeView.swift in Sources */,
				B0AAFF36281C1061004BC814 /* SplashView.swift in Sources */,
				B0AAFF22281A8EEF004BC814 /* ContentView.swift in Sources */,
				B0AAFF20281A8EEF004BC814 /* feedbackApp.swift in Sources */,
				B0AAFF38281C109D004BC814 /* NavigationManager.swift in Sources */,
			);
			runOnlyForDeploymentPostprocessing = 0;
		};
/* End PBXSourcesBuildPhase section */

/* Begin XCBuildConfiguration section */
		B0AAFF28281A8EF2004BC814 /* Debug */ = {
			isa = XCBuildConfiguration;
			buildSettings = {
				ALWAYS_SEARCH_USER_PATHS = NO;
				CLANG_ANALYZER_NONNULL = YES;
				CLANG_ANALYZER_NUMBER_OBJECT_CONVERSION = YES_AGGRESSIVE;
				CLANG_CXX_LANGUAGE_STANDARD = "gnu++17";
				CLANG_ENABLE_MODULES = YES;
				CLANG_ENABLE_OBJC_ARC = YES;
				CLANG_ENABLE_OBJC_WEAK = YES;
				CLANG_WARN_BLOCK_CAPTURE_AUTORELEASING = YES;
				CLANG_WARN_BOOL_CONVERSION = YES;
				CLANG_WARN_COMMA = YES;
				CLANG_WARN_CONSTANT_CONVERSION = YES;
				CLANG_WARN_DEPRECATED_OBJC_IMPLEMENTATIONS = YES;
				CLANG_WARN_DIRECT_OBJC_ISA_USAGE = YES_ERROR;
				CLANG_WARN_DOCUMENTATION_COMMENTS = YES;
				CLANG_WARN_EMPTY_BODY = YES;
				CLANG_WARN_ENUM_CONVERSION = YES;
				CLANG_WARN_INFINITE_RECURSION = YES;
				CLANG_WARN_INT_CONVERSION = YES;
				CLANG_WARN_NON_LITERAL_NULL_CONVERSION = YES;
				CLANG_WARN_OBJC_IMPLICIT_RETAIN_SELF = YES;
				CLANG_WARN_OBJC_LITERAL_CONVERSION = YES;
				CLANG_WARN_OBJC_ROOT_CLASS = YES_ERROR;
				CLANG_WARN_QUOTED_INCLUDE_IN_FRAMEWORK_HEADER = YES;
				CLANG_WARN_RANGE_LOOP_ANALYSIS = YES;
				CLANG_WARN_STRICT_PROTOTYPES = YES;
				CLANG_WARN_SUSPICIOUS_MOVE = YES;
				CLANG_WARN_UNGUARDED_AVAILABILITY = YES_AGGRESSIVE;
				CLANG_WARN_UNREACHABLE_CODE = YES;
				CLANG_WARN__DUPLICATE_METHOD_MATCH = YES;
				COPY_PHASE_STRIP = NO;
				DEBUG_INFORMATION_FORMAT = dwarf;
				ENABLE_STRICT_OBJC_MSGSEND = YES;
				ENABLE_TESTABILITY = YES;
				GCC_C_LANGUAGE_STANDARD = gnu11;
				GCC_DYNAMIC_NO_PIC = NO;
				GCC_NO_COMMON_BLOCKS = YES;
				GCC_OPTIMIZATION_LEVEL = 0;
				GCC_PREPROCESSOR_DEFINITIONS = (
					"DEBUG=1",
					"$(inherited)",
				);
				GCC_WARN_64_TO_32_BIT_CONVERSION = YES;
				GCC_WARN_ABOUT_RETURN_TYPE = YES_ERROR;
				GCC_WARN_UNDECLARED_SELECTOR = YES;
				GCC_WARN_UNINITIALIZED_AUTOS = YES_AGGRESSIVE;
				GCC_WARN_UNUSED_FUNCTION = YES;
				GCC_WARN_UNUSED_VARIABLE = YES;
				IPHONEOS_DEPLOYMENT_TARGET = 15.4;
				MTL_ENABLE_DEBUG_INFO = INCLUDE_SOURCE;
				MTL_FAST_MATH = YES;
				ONLY_ACTIVE_ARCH = YES;
				SDKROOT = iphoneos;
				SWIFT_ACTIVE_COMPILATION_CONDITIONS = DEBUG;
				SWIFT_OPTIMIZATION_LEVEL = "-Onone";
			};
			name = Debug;
		};
		B0AAFF29281A8EF2004BC814 /* Release */ = {
			isa = XCBuildConfiguration;
			buildSettings = {
				ALWAYS_SEARCH_USER_PATHS = NO;
				CLANG_ANALYZER_NONNULL = YES;
				CLANG_ANALYZER_NUMBER_OBJECT_CONVERSION = YES_AGGRESSIVE;
				CLANG_CXX_LANGUAGE_STANDARD = "gnu++17";
				CLANG_ENABLE_MODULES = YES;
				CLANG_ENABLE_OBJC_ARC = YES;
				CLANG_ENABLE_OBJC_WEAK = YES;
				CLANG_WARN_BLOCK_CAPTURE_AUTORELEASING = YES;
				CLANG_WARN_BOOL_CONVERSION = YES;
				CLANG_WARN_COMMA = YES;
				CLANG_WARN_CONSTANT_CONVERSION = YES;
				CLANG_WARN_DEPRECATED_OBJC_IMPLEMENTATIONS = YES;
				CLANG_WARN_DIRECT_OBJC_ISA_USAGE = YES_ERROR;
				CLANG_WARN_DOCUMENTATION_COMMENTS = YES;
				CLANG_WARN_EMPTY_BODY = YES;
				CLANG_WARN_ENUM_CONVERSION = YES;
				CLANG_WARN_INFINITE_RECURSION = YES;
				CLANG_WARN_INT_CONVERSION = YES;
				CLANG_WARN_NON_LITERAL_NULL_CONVERSION = YES;
				CLANG_WARN_OBJC_IMPLICIT_RETAIN_SELF = YES;
				CLANG_WARN_OBJC_LITERAL_CONVERSION = YES;
				CLANG_WARN_OBJC_ROOT_CLASS = YES_ERROR;
				CLANG_WARN_QUOTED_INCLUDE_IN_FRAMEWORK_HEADER = YES;
				CLANG_WARN_RANGE_LOOP_ANALYSIS = YES;
				CLANG_WARN_STRICT_PROTOTYPES = YES;
				CLANG_WARN_SUSPICIOUS_MOVE = YES;
				CLANG_WARN_UNGUARDED_AVAILABILITY = YES_AGGRESSIVE;
				CLANG_WARN_UNREACHABLE_CODE = YES;
				CLANG_WARN__DUPLICATE_METHOD_MATCH = YES;
				COPY_PHASE_STRIP = NO;
				DEBUG_INFORMATION_FORMAT = "dwarf-with-dsym";
				ENABLE_NS_ASSERTIONS = NO;
				ENABLE_STRICT_OBJC_MSGSEND = YES;
				GCC_C_LANGUAGE_STANDARD = gnu11;
				GCC_NO_COMMON_BLOCKS = YES;
				GCC_WARN_64_TO_32_BIT_CONVERSION = YES;
				GCC_WARN_ABOUT_RETURN_TYPE = YES_ERROR;
				GCC_WARN_UNDECLARED_SELECTOR = YES;
				GCC_WARN_UNINITIALIZED_AUTOS = YES_AGGRESSIVE;
				GCC_WARN_UNUSED_FUNCTION = YES;
				GCC_WARN_UNUSED_VARIABLE = YES;
				IPHONEOS_DEPLOYMENT_TARGET = 15.4;
				MTL_ENABLE_DEBUG_INFO = NO;
				MTL_FAST_MATH = YES;
				SDKROOT = iphoneos;
				SWIFT_COMPILATION_MODE = wholemodule;
				SWIFT_OPTIMIZATION_LEVEL = "-O";
				VALIDATE_PRODUCT = YES;
			};
			name = Release;
		};
		B0AAFF2B281A8EF2004BC814 /* Debug */ = {
			isa = XCBuildConfiguration;
			buildSettings = {
				ASSETCATALOG_COMPILER_APPICON_NAME = AppIcon;
				ASSETCATALOG_COMPILER_GLOBAL_ACCENT_COLOR_NAME = AccentColor;
				CODE_SIGN_STYLE = Automatic;
				CURRENT_PROJECT_VERSION = 1;
				DEVELOPMENT_ASSET_PATHS = "\"feedback/Preview Content\"";
				DEVELOPMENT_TEAM = 3MJWR4HYD7;
				ENABLE_PREVIEWS = YES;
				GENERATE_INFOPLIST_FILE = YES;
				INFOPLIST_KEY_UIApplicationSceneManifest_Generation = YES;
				INFOPLIST_KEY_UIApplicationSupportsIndirectInputEvents = YES;
				INFOPLIST_KEY_UILaunchScreen_Generation = YES;
				INFOPLIST_KEY_UISupportedInterfaceOrientations_iPad = "UIInterfaceOrientationPortrait UIInterfaceOrientationPortraitUpsideDown UIInterfaceOrientationLandscapeLeft UIInterfaceOrientationLandscapeRight";
				INFOPLIST_KEY_UISupportedInterfaceOrientations_iPhone = "UIInterfaceOrientationPortrait UIInterfaceOrientationLandscapeLeft UIInterfaceOrientationLandscapeRight";
				LD_RUNPATH_SEARCH_PATHS = (
					"$(inherited)",
					"@executable_path/Frameworks",
				);
				MARKETING_VERSION = 1.0;
				PRODUCT_BUNDLE_IDENTIFIER = co.pisano.ios.feedback;
				PRODUCT_NAME = "$(TARGET_NAME)";
				SWIFT_EMIT_LOC_STRINGS = YES;
				SWIFT_VERSION = 5.0;
				TARGETED_DEVICE_FAMILY = "1,2";
			};
			name = Debug;
		};
		B0AAFF2C281A8EF2004BC814 /* Release */ = {
			isa = XCBuildConfiguration;
			buildSettings = {
				ASSETCATALOG_COMPILER_APPICON_NAME = AppIcon;
				ASSETCATALOG_COMPILER_GLOBAL_ACCENT_COLOR_NAME = AccentColor;
				CODE_SIGN_STYLE = Automatic;
				CURRENT_PROJECT_VERSION = 1;
				DEVELOPMENT_ASSET_PATHS = "\"feedback/Preview Content\"";
				DEVELOPMENT_TEAM = 3MJWR4HYD7;
				ENABLE_PREVIEWS = YES;
				GENERATE_INFOPLIST_FILE = YES;
				INFOPLIST_KEY_UIApplicationSceneManifest_Generation = YES;
				INFOPLIST_KEY_UIApplicationSupportsIndirectInputEvents = YES;
				INFOPLIST_KEY_UILaunchScreen_Generation = YES;
				INFOPLIST_KEY_UISupportedInterfaceOrientations_iPad = "UIInterfaceOrientationPortrait UIInterfaceOrientationPortraitUpsideDown UIInterfaceOrientationLandscapeLeft UIInterfaceOrientationLandscapeRight";
				INFOPLIST_KEY_UISupportedInterfaceOrientations_iPhone = "UIInterfaceOrientationPortrait UIInterfaceOrientationLandscapeLeft UIInterfaceOrientationLandscapeRight";
				LD_RUNPATH_SEARCH_PATHS = (
					"$(inherited)",
					"@executable_path/Frameworks",
				);
				MARKETING_VERSION = 1.0;
				PRODUCT_BUNDLE_IDENTIFIER = co.pisano.ios.feedback;
				PRODUCT_NAME = "$(TARGET_NAME)";
				SWIFT_EMIT_LOC_STRINGS = YES;
				SWIFT_VERSION = 5.0;
				TARGETED_DEVICE_FAMILY = "1,2";
			};
			name = Release;
		};
/* End XCBuildConfiguration section */

/* Begin XCConfigurationList section */
		B0AAFF17281A8EEF004BC814 /* Build configuration list for PBXProject "feedback" */ = {
			isa = XCConfigurationList;
			buildConfigurations = (
				B0AAFF28281A8EF2004BC814 /* Debug */,
				B0AAFF29281A8EF2004BC814 /* Release */,
			);
			defaultConfigurationIsVisible = 0;
			defaultConfigurationName = Release;
		};
		B0AAFF2A281A8EF2004BC814 /* Build configuration list for PBXNativeTarget "feedback" */ = {
			isa = XCConfigurationList;
			buildConfigurations = (
				B0AAFF2B281A8EF2004BC814 /* Debug */,
				B0AAFF2C281A8EF2004BC814 /* Release */,
			);
			defaultConfigurationIsVisible = 0;
			defaultConfigurationName = Release;
		};
/* End XCConfigurationList section */
	};
	rootObject = B0AAFF14281A8EEF004BC814 /* Project object */;
}
