{
  "originHash" : "d3316bee290202a20dd3f115ff192838a53f6f3edb3dc2558e95f19ab552a2f9",
  "pins" : [
    {
      "identity" : "pisano-ios",
      "kind" : "remoteSourceControl",
      "location" : "https://github.com/Pisano/pisano-ios.git",
      "state" : {
        "revision" : "307e47d4e1c77f0db26602ee1b4e62c17f428786",
        "version" : "1.0.21"
      }
    }
  ],
  "version" : 3
}
