{
  "originHash" : "d3316bee290202a20dd3f115ff192838a53f6f3edb3dc2558e95f19ab552a2f9",
  "pins" : [
    {
      "identity" : "pisano-ios",
      "kind" : "remoteSourceControl",
      "location" : "https://github.com/Pisano/pisano-ios.git",
      "state" : {
        "revision" : "2db59c44e55518526015c0d8657ab85747ab62d7",
        "version" : "1.0.20"
      }
    }
  ],
  "version" : 3
}
