{
  "originHash" : "d3316bee290202a20dd3f115ff192838a53f6f3edb3dc2558e95f19ab552a2f9",
  "pins" : [
    {
      "identity" : "pisano-ios",
      "kind" : "remoteSourceControl",
      "location" : "https://github.com/Pisano/pisano-ios.git",
      "state" : {
        "revision" : "3b35dac5af86cd76de3a870c50e93d224d94cde9",
        "version" : "1.0.17"
      }
    }
  ],
  "version" : 3
}
