// !$*UTF8*$!
{
	archiveVersion = 1;
	classes = {
	};
	objectVersion = 55;
	objects = {

/* Begin PBXBuildFile section */
		B0AAFF20281A8EEF004BC814 /* feedbackApp.swift in Sources */ = {isa = PBXBuildFile; fileRef = B0AAFF1F281A8EEF004BC814 /* feedbackApp.swift */; };
		B0AAFF24281A8EF2004BC814 /* Assets.xcassets in Resources */ = {isa = PBXBuildFile; fileRef = B0AAFF23281A8EF2004BC814 /* Assets.xcassets */; };
		B0AAFF27281A8EF2004BC814 /* Preview Assets.xcassets in Resources */ = {isa = PBXBuildFile; fileRef = B0AAFF26281A8EF2004BC814 /* Preview Assets.xcassets */; };
		E90023462A8A192F0037DF2A /* FormViewModel.swift in Sources */ = {isa = PBXBuildFile; fileRef = E90023442A8A192F0037DF2A /* FormViewModel.swift */; };
		E90023472A8A192F0037DF2A /* FormView.swift in Sources */ = {isa = PBXBuildFile; fileRef = E90023452A8A192F0037DF2A /* FormView.swift */; };
		E900234B2A8A20500037DF2A /* MainViewModel.swift in Sources */ = {isa = PBXBuildFile; fileRef = E90023492A8A20500037DF2A /* MainViewModel.swift */; };
		E900234C2A8A20500037DF2A /* MainView.swift in Sources */ = {isa = PBXBuildFile; fileRef = E900234A2A8A20500037DF2A /* MainView.swift */; };
		E90023502A8A24AE0037DF2A /* PisanoFeedback in Frameworks */ = {isa = PBXBuildFile; productRef = E900234F2A8A24AE0037DF2A /* PisanoFeedback */; };
		E9208E80286DA67600E7811E /* OnChange.swift in Sources */ = {isa = PBXBuildFile; fileRef = E9208E7F286DA67600E7811E /* OnChange.swift */; };
		E9208E82286DBC6A00E7811E /* Config.swift in Sources */ = {isa = PBXBuildFile; fileRef = E9208E81286DBC6A00E7811E /* Config.swift */; };
		E922DED728F71073004302BB /* Dictionary.swift in Sources */ = {isa = PBXBuildFile; fileRef = E922DED628F71073004302BB /* Dictionary.swift */; };
		E93DBE6C282B883E00D8C4F6 /* Color.swift in Sources */ = {isa = PBXBuildFile; fileRef = E93DBE6B282B883E00D8C4F6 /* Color.swift */; };
		E93DBE72282B8DA200D8C4F6 /* Image.swift in Sources */ = {isa = PBXBuildFile; fileRef = E93DBE71282B8DA200D8C4F6 /* Image.swift */; };
		E93DBE74282B8F3C00D8C4F6 /* BackgroundView.swift in Sources */ = {isa = PBXBuildFile; fileRef = E93DBE73282B8F3C00D8C4F6 /* BackgroundView.swift */; };
		E93DBE78282B939800D8C4F6 /* CornerRadius.swift in Sources */ = {isa = PBXBuildFile; fileRef = E93DBE77282B939800D8C4F6 /* CornerRadius.swift */; };
		E93DBE7D282B9E4500D8C4F6 /* CustomTextField.swift in Sources */ = {isa = PBXBuildFile; fileRef = E93DBE7C282B9E4500D8C4F6 /* CustomTextField.swift */; };
		E93DBE86282BD23900D8C4F6 /* CGFloat.swift in Sources */ = {isa = PBXBuildFile; fileRef = E93DBE85282BD23900D8C4F6 /* CGFloat.swift */; };
		E95F92D82861C10F003AFDBB /* GoogleService-Info.plist in Resources */ = {isa = PBXBuildFile; fileRef = E95F92D72861C10F003AFDBB /* GoogleService-Info.plist */; };
		E95F92DB2861CC4F003AFDBB /* FirebaseAnalyticsSwift in Frameworks */ = {isa = PBXBuildFile; productRef = E95F92DA2861CC4F003AFDBB /* FirebaseAnalyticsSwift */; };
		E95F92DD2861CC4F003AFDBB /* FirebaseCrashlytics in Frameworks */ = {isa = PBXBuildFile; productRef = E95F92DC2861CC4F003AFDBB /* FirebaseCrashlytics */; };
		E95F92DF2861CC4F003AFDBB /* FirebaseFirestoreSwift in Frameworks */ = {isa = PBXBuildFile; productRef = E95F92DE2861CC4F003AFDBB /* FirebaseFirestoreSwift */; };
		E95F92E12861CC4F003AFDBB /* FirebaseRemoteConfigSwift in Frameworks */ = {isa = PBXBuildFile; productRef = E95F92E02861CC4F003AFDBB /* FirebaseRemoteConfigSwift */; };
		E95F92EA2862009F003AFDBB /* View.swift in Sources */ = {isa = PBXBuildFile; fileRef = E95F92E92862009F003AFDBB /* View.swift */; };
		E95F92EC28620593003AFDBB /* FeedbackManager.swift in Sources */ = {isa = PBXBuildFile; fileRef = E95F92EB28620593003AFDBB /* FeedbackManager.swift */; };
		E95F92F128620E06003AFDBB /* FirebaseManager.swift in Sources */ = {isa = PBXBuildFile; fileRef = E95F92F028620E06003AFDBB /* FirebaseManager.swift */; };
		E95F92F328635C44003AFDBB /* AppButton.swift in Sources */ = {isa = PBXBuildFile; fileRef = E95F92F228635C44003AFDBB /* AppButton.swift */; };
		E96BFED3282C006B0040B153 /* Localizable.strings in Resources */ = {isa = PBXBuildFile; fileRef = E96BFED5282C006B0040B153 /* Localizable.strings */; };
		E96BFEDB282C02490040B153 /* String.swift in Sources */ = {isa = PBXBuildFile; fileRef = E96BFEDA282C02490040B153 /* String.swift */; };
		E986132F282E5DF8005800D8 /* Notification.swift in Sources */ = {isa = PBXBuildFile; fileRef = E986132E282E5DF8005800D8 /* Notification.swift */; };
		E990A72D282AA80D00056EE9 /* Launch Screen.storyboard in Resources */ = {isa = PBXBuildFile; fileRef = E990A72C282AA80D00056EE9 /* Launch Screen.storyboard */; };
		E990A72F282B850A00056EE9 /* Colors.xcassets in Resources */ = {isa = PBXBuildFile; fileRef = E990A72E282B850A00056EE9 /* Colors.xcassets */; };
		E9CA8C582860881900AADA0E /* WelcomeView.swift in Sources */ = {isa = PBXBuildFile; fileRef = E9CA8C572860881900AADA0E /* WelcomeView.swift */; };
		E9CA8C5A2860886100AADA0E /* AppManager.swift in Sources */ = {isa = PBXBuildFile; fileRef = E9CA8C592860886100AADA0E /* AppManager.swift */; };
		E9DD137D291161AF000545C6 /* Font.swift in Sources */ = {isa = PBXBuildFile; fileRef = E9DD137C291161AF000545C6 /* Font.swift */; };
/* End PBXBuildFile section */

/* Begin PBXCopyFilesBuildPhase section */
		E9208E85286DC4AA00E7811E /* Embed Frameworks */ = {
			isa = PBXCopyFilesBuildPhase;
			buildActionMask = 2147483647;
			dstPath = "";
			dstSubfolderSpec = 10;
			files = (
			);
			name = "Embed Frameworks";
			runOnlyForDeploymentPostprocessing = 0;
		};
/* End PBXCopyFilesBuildPhase section */

/* Begin PBXFileReference section */
		B0AAFF1C281A8EEF004BC814 /* pisano-feedback.app */ = {isa = PBXFileReference; explicitFileType = wrapper.application; includeInIndex = 0; path = "pisano-feedback.app"; sourceTree = BUILT_PRODUCTS_DIR; };
		B0AAFF1F281A8EEF004BC814 /* feedbackApp.swift */ = {isa = PBXFileReference; lastKnownFileType = sourcecode.swift; path = feedbackApp.swift; sourceTree = "<group>"; };
		B0AAFF23281A8EF2004BC814 /* Assets.xcassets */ = {isa = PBXFileReference; lastKnownFileType = folder.assetcatalog; path = Assets.xcassets; sourceTree = "<group>"; };
		B0AAFF26281A8EF2004BC814 /* Preview Assets.xcassets */ = {isa = PBXFileReference; lastKnownFileType = folder.assetcatalog; path = "Preview Assets.xcassets"; sourceTree = "<group>"; };
		E90023442A8A192F0037DF2A /* FormViewModel.swift */ = {isa = PBXFileReference; fileEncoding = 4; lastKnownFileType = sourcecode.swift; path = FormViewModel.swift; sourceTree = "<group>"; };
		E90023452A8A192F0037DF2A /* FormView.swift */ = {isa = PBXFileReference; fileEncoding = 4; lastKnownFileType = sourcecode.swift; path = FormView.swift; sourceTree = "<group>"; };
		E90023492A8A20500037DF2A /* MainViewModel.swift */ = {isa = PBXFileReference; fileEncoding = 4; lastKnownFileType = sourcecode.swift; path = MainViewModel.swift; sourceTree = "<group>"; };
		E900234A2A8A20500037DF2A /* MainView.swift */ = {isa = PBXFileReference; fileEncoding = 4; lastKnownFileType = sourcecode.swift; path = MainView.swift; sourceTree = "<group>"; };
		E9208E7F286DA67600E7811E /* OnChange.swift */ = {isa = PBXFileReference; fileEncoding = 4; lastKnownFileType = sourcecode.swift; path = OnChange.swift; sourceTree = "<group>"; };
		E9208E81286DBC6A00E7811E /* Config.swift */ = {isa = PBXFileReference; lastKnownFileType = sourcecode.swift; path = Config.swift; sourceTree = "<group>"; };
		E922DED628F71073004302BB /* Dictionary.swift */ = {isa = PBXFileReference; lastKnownFileType = sourcecode.swift; path = Dictionary.swift; sourceTree = "<group>"; };
		E93DBE6B282B883E00D8C4F6 /* Color.swift */ = {isa = PBXFileReference; lastKnownFileType = sourcecode.swift; path = Color.swift; sourceTree = "<group>"; };
		E93DBE71282B8DA200D8C4F6 /* Image.swift */ = {isa = PBXFileReference; lastKnownFileType = sourcecode.swift; path = Image.swift; sourceTree = "<group>"; };
		E93DBE73282B8F3C00D8C4F6 /* BackgroundView.swift */ = {isa = PBXFileReference; lastKnownFileType = sourcecode.swift; path = BackgroundView.swift; sourceTree = "<group>"; };
		E93DBE77282B939800D8C4F6 /* CornerRadius.swift */ = {isa = PBXFileReference; lastKnownFileType = sourcecode.swift; path = CornerRadius.swift; sourceTree = "<group>"; };
		E93DBE7C282B9E4500D8C4F6 /* CustomTextField.swift */ = {isa = PBXFileReference; lastKnownFileType = sourcecode.swift; path = CustomTextField.swift; sourceTree = "<group>"; };
		E93DBE85282BD23900D8C4F6 /* CGFloat.swift */ = {isa = PBXFileReference; lastKnownFileType = sourcecode.swift; path = CGFloat.swift; sourceTree = "<group>"; };
		E95F92D72861C10F003AFDBB /* GoogleService-Info.plist */ = {isa = PBXFileReference; fileEncoding = 4; lastKnownFileType = text.plist.xml; path = "GoogleService-Info.plist"; sourceTree = "<group>"; };
		E95F92E92862009F003AFDBB /* View.swift */ = {isa = PBXFileReference; lastKnownFileType = sourcecode.swift; path = View.swift; sourceTree = "<group>"; };
		E95F92EB28620593003AFDBB /* FeedbackManager.swift */ = {isa = PBXFileReference; lastKnownFileType = sourcecode.swift; path = FeedbackManager.swift; sourceTree = "<group>"; };
		E95F92F028620E06003AFDBB /* FirebaseManager.swift */ = {isa = PBXFileReference; lastKnownFileType = sourcecode.swift; path = FirebaseManager.swift; sourceTree = "<group>"; };
		E95F92F228635C44003AFDBB /* AppButton.swift */ = {isa = PBXFileReference; lastKnownFileType = sourcecode.swift; path = AppButton.swift; sourceTree = "<group>"; };
		E96BFED4282C006B0040B153 /* tr */ = {isa = PBXFileReference; lastKnownFileType = text.plist.strings; name = tr; path = tr.lproj/Localizable.strings; sourceTree = "<group>"; };
		E96BFED6282C00700040B153 /* en */ = {isa = PBXFileReference; lastKnownFileType = text.plist.strings; name = en; path = en.lproj/Localizable.strings; sourceTree = "<group>"; };
		E96BFED7282C01800040B153 /* Base */ = {isa = PBXFileReference; lastKnownFileType = text.plist.xml; name = Base; path = Base.lproj/Info.plist; sourceTree = "<group>"; };
		E96BFED9282C01820040B153 /* tr */ = {isa = PBXFileReference; lastKnownFileType = text.plist.xml; name = tr; path = tr.lproj/Info.plist; sourceTree = "<group>"; };
		E96BFEDA282C02490040B153 /* String.swift */ = {isa = PBXFileReference; lastKnownFileType = sourcecode.swift; path = String.swift; sourceTree = "<group>"; };
		E986132E282E5DF8005800D8 /* Notification.swift */ = {isa = PBXFileReference; lastKnownFileType = sourcecode.swift; path = Notification.swift; sourceTree = "<group>"; };
		E990A72C282AA80D00056EE9 /* Launch Screen.storyboard */ = {isa = PBXFileReference; lastKnownFileType = file.storyboard; path = "Launch Screen.storyboard"; sourceTree = "<group>"; };
		E990A72E282B850A00056EE9 /* Colors.xcassets */ = {isa = PBXFileReference; lastKnownFileType = folder.assetcatalog; path = Colors.xcassets; sourceTree = "<group>"; };
		E9CA8C572860881900AADA0E /* WelcomeView.swift */ = {isa = PBXFileReference; lastKnownFileType = sourcecode.swift; path = WelcomeView.swift; sourceTree = "<group>"; };
		E9CA8C592860886100AADA0E /* AppManager.swift */ = {isa = PBXFileReference; lastKnownFileType = sourcecode.swift; path = AppManager.swift; sourceTree = "<group>"; };
		E9DD137C291161AF000545C6 /* Font.swift */ = {isa = PBXFileReference; lastKnownFileType = sourcecode.swift; path = Font.swift; sourceTree = "<group>"; };
/* End PBXFileReference section */

/* Begin PBXFrameworksBuildPhase section */
		B0AAFF19281A8EEF004BC814 /* Frameworks */ = {
			isa = PBXFrameworksBuildPhase;
			buildActionMask = 2147483647;
			files = (
				E95F92DD2861CC4F003AFDBB /* FirebaseCrashlytics in Frameworks */,
				E95F92DB2861CC4F003AFDBB /* FirebaseAnalyticsSwift in Frameworks */,
				E95F92E12861CC4F003AFDBB /* FirebaseRemoteConfigSwift in Frameworks */,
				E90023502A8A24AE0037DF2A /* PisanoFeedback in Frameworks */,
				E95F92DF2861CC4F003AFDBB /* FirebaseFirestoreSwift in Frameworks */,
			);
			runOnlyForDeploymentPostprocessing = 0;
		};
/* End PBXFrameworksBuildPhase section */

/* Begin PBXGroup section */
		B0AAFF13281A8EEF004BC814 = {
			isa = PBXGroup;
			children = (
				B0AAFF1E281A8EEF004BC814 /* pisano-feedback */,
				B0AAFF1D281A8EEF004BC814 /* Products */,
				E986132B282CFB0B005800D8 /* Frameworks */,
			);
			sourceTree = "<group>";
		};
		B0AAFF1D281A8EEF004BC814 /* Products */ = {
			isa = PBXGroup;
			children = (
				B0AAFF1C281A8EEF004BC814 /* pisano-feedback.app */,
			);
			name = Products;
			sourceTree = "<group>";
		};
		B0AAFF1E281A8EEF004BC814 /* pisano-feedback */ = {
			isa = PBXGroup;
			children = (
				E93DBE7B282B9E2F00D8C4F6 /* Component */,
				E990A72A282A8AB300056EE9 /* Shared */,
				B0AAFF30281C0FF3004BC814 /* Screens */,
				E95F92E22861ECC8003AFDBB /* Model */,
				E93DBE6A282B86E600D8C4F6 /* Extensions */,
				E93DBE76282B936500D8C4F6 /* ViewModifiers */,
				E990A729282A6EEF00056EE9 /* Resources */,
				B0AAFF25281A8EF2004BC814 /* Preview Content */,
			);
			path = "pisano-feedback";
			sourceTree = "<group>";
		};
		B0AAFF25281A8EF2004BC814 /* Preview Content */ = {
			isa = PBXGroup;
			children = (
				B0AAFF26281A8EF2004BC814 /* Preview Assets.xcassets */,
			);
			path = "Preview Content";
			sourceTree = "<group>";
		};
		B0AAFF30281C0FF3004BC814 /* Screens */ = {
			isa = PBXGroup;
			children = (
				E900234D2A8A20530037DF2A /* Main */,
				E90023482A8A19330037DF2A /* Form */,
				E9CA8C572860881900AADA0E /* WelcomeView.swift */,
			);
			path = Screens;
			sourceTree = "<group>";
		};
		E90023482A8A19330037DF2A /* Form */ = {
			isa = PBXGroup;
			children = (
				E90023452A8A192F0037DF2A /* FormView.swift */,
				E90023442A8A192F0037DF2A /* FormViewModel.swift */,
			);
			name = Form;
			sourceTree = "<group>";
		};
		E900234D2A8A20530037DF2A /* Main */ = {
			isa = PBXGroup;
			children = (
				E900234A2A8A20500037DF2A /* MainView.swift */,
				E90023492A8A20500037DF2A /* MainViewModel.swift */,
			);
			name = Main;
			sourceTree = "<group>";
		};
		E93DBE6A282B86E600D8C4F6 /* Extensions */ = {
			isa = PBXGroup;
			children = (
				E9208E7F286DA67600E7811E /* OnChange.swift */,
				E93DBE85282BD23900D8C4F6 /* CGFloat.swift */,
				E93DBE6B282B883E00D8C4F6 /* Color.swift */,
				E93DBE71282B8DA200D8C4F6 /* Image.swift */,
				E986132E282E5DF8005800D8 /* Notification.swift */,
				E96BFEDA282C02490040B153 /* String.swift */,
				E9DD137C291161AF000545C6 /* Font.swift */,
				E95F92E92862009F003AFDBB /* View.swift */,
				E922DED628F71073004302BB /* Dictionary.swift */,
			);
			path = Extensions;
			sourceTree = "<group>";
		};
		E93DBE76282B936500D8C4F6 /* ViewModifiers */ = {
			isa = PBXGroup;
			children = (
				E93DBE77282B939800D8C4F6 /* CornerRadius.swift */,
			);
			path = ViewModifiers;
			sourceTree = "<group>";
		};
		E93DBE7B282B9E2F00D8C4F6 /* Component */ = {
			isa = PBXGroup;
			children = (
				E93DBE7C282B9E4500D8C4F6 /* CustomTextField.swift */,
				E93DBE73282B8F3C00D8C4F6 /* BackgroundView.swift */,
				E95F92F228635C44003AFDBB /* AppButton.swift */,
			);
			path = Component;
			sourceTree = "<group>";
		};
		E95F92E22861ECC8003AFDBB /* Model */ = {
			isa = PBXGroup;
			children = (
				E9208E81286DBC6A00E7811E /* Config.swift */,
			);
			path = Model;
			sourceTree = "<group>";
		};
		E986132B282CFB0B005800D8 /* Frameworks */ = {
			isa = PBXGroup;
			children = (
			);
			name = Frameworks;
			sourceTree = "<group>";
		};
		E990A729282A6EEF00056EE9 /* Resources */ = {
			isa = PBXGroup;
			children = (
				E95F92D72861C10F003AFDBB /* GoogleService-Info.plist */,
				E96BFED8282C01800040B153 /* Info.plist */,
				E990A72C282AA80D00056EE9 /* Launch Screen.storyboard */,
				B0AAFF23281A8EF2004BC814 /* Assets.xcassets */,
				E990A72E282B850A00056EE9 /* Colors.xcassets */,
				E96BFED5282C006B0040B153 /* Localizable.strings */,
			);
			path = Resources;
			sourceTree = "<group>";
		};
		E990A72A282A8AB300056EE9 /* Shared */ = {
			isa = PBXGroup;
			children = (
				B0AAFF1F281A8EEF004BC814 /* feedbackApp.swift */,
				E9CA8C592860886100AADA0E /* AppManager.swift */,
				E95F92F028620E06003AFDBB /* FirebaseManager.swift */,
				E95F92EB28620593003AFDBB /* FeedbackManager.swift */,
			);
			path = Shared;
			sourceTree = "<group>";
		};
/* End PBXGroup section */

/* Begin PBXNativeTarget section */
		B0AAFF1B281A8EEF004BC814 /* pisano-feedback */ = {
			isa = PBXNativeTarget;
			buildConfigurationList = B0AAFF2A281A8EF2004BC814 /* Build configuration list for PBXNativeTarget "pisano-feedback" */;
			buildPhases = (
				B0AAFF18281A8EEF004BC814 /* Sources */,
				B0AAFF19281A8EEF004BC814 /* Frameworks */,
				B0AAFF1A281A8EEF004BC814 /* Resources */,
				E9208E85286DC4AA00E7811E /* Embed Frameworks */,
			);
			buildRules = (
			);
			dependencies = (
			);
			name = "pisano-feedback";
			packageProductDependencies = (
				E95F92DA2861CC4F003AFDBB /* FirebaseAnalyticsSwift */,
				E95F92DC2861CC4F003AFDBB /* FirebaseCrashlytics */,
				E95F92DE2861CC4F003AFDBB /* FirebaseFirestoreSwift */,
				E95F92E02861CC4F003AFDBB /* FirebaseRemoteConfigSwift */,
				E900234F2A8A24AE0037DF2A /* PisanoFeedback */,
			);
			productName = feedback;
			productReference = B0AAFF1C281A8EEF004BC814 /* pisano-feedback.app */;
			productType = "com.apple.product-type.application";
		};
/* End PBXNativeTarget section */

/* Begin PBXProject section */
		B0AAFF14281A8EEF004BC814 /* Project object */ = {
			isa = PBXProject;
			attributes = {
				BuildIndependentTargetsInParallel = 1;
				LastSwiftUpdateCheck = 1330;
				LastUpgradeCheck = 1330;
				TargetAttributes = {
					B0AAFF1B281A8EEF004BC814 = {
						CreatedOnToolsVersion = 13.3.1;
					};
				};
			};
			buildConfigurationList = B0AAFF17281A8EEF004BC814 /* Build configuration list for PBXProject "pisano-feedback" */;
			compatibilityVersion = "Xcode 13.0";
			developmentRegion = en;
			hasScannedForEncodings = 0;
			knownRegions = (
				en,
				Base,
				tr,
			);
			mainGroup = B0AAFF13281A8EEF004BC814;
			packageReferences = (
				E95F92D92861CC4F003AFDBB /* XCRemoteSwiftPackageReference "firebase-ios-sdk" */,
				E900234E2A8A24AE0037DF2A /* XCRemoteSwiftPackageReference "pisano-ios" */,
			);
			productRefGroup = B0AAFF1D281A8EEF004BC814 /* Products */;
			projectDirPath = "";
			projectRoot = "";
			targets = (
				B0AAFF1B281A8EEF004BC814 /* pisano-feedback */,
			);
		};
/* End PBXProject section */

/* Begin PBXResourcesBuildPhase section */
		B0AAFF1A281A8EEF004BC814 /* Resources */ = {
			isa = PBXResourcesBuildPhase;
			buildActionMask = 2147483647;
			files = (
				E96BFED3282C006B0040B153 /* Localizable.strings in Resources */,
				E990A72D282AA80D00056EE9 /* Launch Screen.storyboard in Resources */,
				E990A72F282B850A00056EE9 /* Colors.xcassets in Resources */,
				B0AAFF27281A8EF2004BC814 /* Preview Assets.xcassets in Resources */,
				B0AAFF24281A8EF2004BC814 /* Assets.xcassets in Resources */,
				E95F92D82861C10F003AFDBB /* GoogleService-Info.plist in Resources */,
			);
			runOnlyForDeploymentPostprocessing = 0;
		};
/* End PBXResourcesBuildPhase section */

/* Begin PBXSourcesBuildPhase section */
		B0AAFF18281A8EEF004BC814 /* Sources */ = {
			isa = PBXSourcesBuildPhase;
			buildActionMask = 2147483647;
			files = (
				E90023462A8A192F0037DF2A /* FormViewModel.swift in Sources */,
				E9DD137D291161AF000545C6 /* Font.swift in Sources */,
				E93DBE74282B8F3C00D8C4F6 /* BackgroundView.swift in Sources */,
				E95F92F128620E06003AFDBB /* FirebaseManager.swift in Sources */,
				E96BFEDB282C02490040B153 /* String.swift in Sources */,
				B0AAFF20281A8EEF004BC814 /* feedbackApp.swift in Sources */,
				E95F92EA2862009F003AFDBB /* View.swift in Sources */,
				E93DBE86282BD23900D8C4F6 /* CGFloat.swift in Sources */,
				E9CA8C582860881900AADA0E /* WelcomeView.swift in Sources */,
				E93DBE78282B939800D8C4F6 /* CornerRadius.swift in Sources */,
				E93DBE7D282B9E4500D8C4F6 /* CustomTextField.swift in Sources */,
				E9CA8C5A2860886100AADA0E /* AppManager.swift in Sources */,
				E95F92EC28620593003AFDBB /* FeedbackManager.swift in Sources */,
				E9208E82286DBC6A00E7811E /* Config.swift in Sources */,
				E986132F282E5DF8005800D8 /* Notification.swift in Sources */,
				E93DBE6C282B883E00D8C4F6 /* Color.swift in Sources */,
				E922DED728F71073004302BB /* Dictionary.swift in Sources */,
				E9208E80286DA67600E7811E /* OnChange.swift in Sources */,
				E93DBE72282B8DA200D8C4F6 /* Image.swift in Sources */,
				E900234C2A8A20500037DF2A /* MainView.swift in Sources */,
				E90023472A8A192F0037DF2A /* FormView.swift in Sources */,
				E95F92F328635C44003AFDBB /* AppButton.swift in Sources */,
				E900234B2A8A20500037DF2A /* MainViewModel.swift in Sources */,
			);
			runOnlyForDeploymentPostprocessing = 0;
		};
/* End PBXSourcesBuildPhase section */

/* Begin PBXVariantGroup section */
		E96BFED5282C006B0040B153 /* Localizable.strings */ = {
			isa = PBXVariantGroup;
			children = (
				E96BFED4282C006B0040B153 /* tr */,
				E96BFED6282C00700040B153 /* en */,
			);
			name = Localizable.strings;
			sourceTree = "<group>";
		};
		E96BFED8282C01800040B153 /* Info.plist */ = {
			isa = PBXVariantGroup;
			children = (
				E96BFED7282C01800040B153 /* Base */,
				E96BFED9282C01820040B153 /* tr */,
			);
			name = Info.plist;
			sourceTree = "<group>";
		};
/* End PBXVariantGroup section */

/* Begin XCBuildConfiguration section */
		B0AAFF28281A8EF2004BC814 /* Debug */ = {
			isa = XCBuildConfiguration;
			buildSettings = {
				ALWAYS_SEARCH_USER_PATHS = NO;
				CLANG_ANALYZER_NONNULL = YES;
				CLANG_ANALYZER_NUMBER_OBJECT_CONVERSION = YES_AGGRESSIVE;
				CLANG_CXX_LANGUAGE_STANDARD = "gnu++17";
				CLANG_ENABLE_MODULES = YES;
				CLANG_ENABLE_OBJC_ARC = YES;
				CLANG_ENABLE_OBJC_WEAK = YES;
				CLANG_WARN_BLOCK_CAPTURE_AUTORELEASING = YES;
				CLANG_WARN_BOOL_CONVERSION = YES;
				CLANG_WARN_COMMA = YES;
				CLANG_WARN_CONSTANT_CONVERSION = YES;
				CLANG_WARN_DEPRECATED_OBJC_IMPLEMENTATIONS = YES;
				CLANG_WARN_DIRECT_OBJC_ISA_USAGE = YES_ERROR;
				CLANG_WARN_DOCUMENTATION_COMMENTS = YES;
				CLANG_WARN_EMPTY_BODY = YES;
				CLANG_WARN_ENUM_CONVERSION = YES;
				CLANG_WARN_INFINITE_RECURSION = YES;
				CLANG_WARN_INT_CONVERSION = YES;
				CLANG_WARN_NON_LITERAL_NULL_CONVERSION = YES;
				CLANG_WARN_OBJC_IMPLICIT_RETAIN_SELF = YES;
				CLANG_WARN_OBJC_LITERAL_CONVERSION = YES;
				CLANG_WARN_OBJC_ROOT_CLASS = YES_ERROR;
				CLANG_WARN_QUOTED_INCLUDE_IN_FRAMEWORK_HEADER = YES;
				CLANG_WARN_RANGE_LOOP_ANALYSIS = YES;
				CLANG_WARN_STRICT_PROTOTYPES = YES;
				CLANG_WARN_SUSPICIOUS_MOVE = YES;
				CLANG_WARN_UNGUARDED_AVAILABILITY = YES_AGGRESSIVE;
				CLANG_WARN_UNREACHABLE_CODE = YES;
				CLANG_WARN__DUPLICATE_METHOD_MATCH = YES;
				COPY_PHASE_STRIP = NO;
				DEBUG_INFORMATION_FORMAT = dwarf;
				ENABLE_STRICT_OBJC_MSGSEND = YES;
				ENABLE_TESTABILITY = YES;
				GCC_C_LANGUAGE_STANDARD = gnu11;
				GCC_DYNAMIC_NO_PIC = NO;
				GCC_NO_COMMON_BLOCKS = YES;
				GCC_OPTIMIZATION_LEVEL = 0;
				GCC_PREPROCESSOR_DEFINITIONS = (
					"DEBUG=1",
					"$(inherited)",
				);
				GCC_WARN_64_TO_32_BIT_CONVERSION = YES;
				GCC_WARN_ABOUT_RETURN_TYPE = YES_ERROR;
				GCC_WARN_UNDECLARED_SELECTOR = YES;
				GCC_WARN_UNINITIALIZED_AUTOS = YES_AGGRESSIVE;
				GCC_WARN_UNUSED_FUNCTION = YES;
				GCC_WARN_UNUSED_VARIABLE = YES;
				IPHONEOS_DEPLOYMENT_TARGET = 13.0;
				MTL_ENABLE_DEBUG_INFO = INCLUDE_SOURCE;
				MTL_FAST_MATH = YES;
				ONLY_ACTIVE_ARCH = YES;
				SDKROOT = iphoneos;
				SWIFT_ACTIVE_COMPILATION_CONDITIONS = DEBUG;
				SWIFT_OPTIMIZATION_LEVEL = "-Onone";
			};
			name = Debug;
		};
		B0AAFF29281A8EF2004BC814 /* Release */ = {
			isa = XCBuildConfiguration;
			buildSettings = {
				ALWAYS_SEARCH_USER_PATHS = NO;
				CLANG_ANALYZER_NONNULL = YES;
				CLANG_ANALYZER_NUMBER_OBJECT_CONVERSION = YES_AGGRESSIVE;
				CLANG_CXX_LANGUAGE_STANDARD = "gnu++17";
				CLANG_ENABLE_MODULES = YES;
				CLANG_ENABLE_OBJC_ARC = YES;
				CLANG_ENABLE_OBJC_WEAK = YES;
				CLANG_WARN_BLOCK_CAPTURE_AUTORELEASING = YES;
				CLANG_WARN_BOOL_CONVERSION = YES;
				CLANG_WARN_COMMA = YES;
				CLANG_WARN_CONSTANT_CONVERSION = YES;
				CLANG_WARN_DEPRECATED_OBJC_IMPLEMENTATIONS = YES;
				CLANG_WARN_DIRECT_OBJC_ISA_USAGE = YES_ERROR;
				CLANG_WARN_DOCUMENTATION_COMMENTS = YES;
				CLANG_WARN_EMPTY_BODY = YES;
				CLANG_WARN_ENUM_CONVERSION = YES;
				CLANG_WARN_INFINITE_RECURSION = YES;
				CLANG_WARN_INT_CONVERSION = YES;
				CLANG_WARN_NON_LITERAL_NULL_CONVERSION = YES;
				CLANG_WARN_OBJC_IMPLICIT_RETAIN_SELF = YES;
				CLANG_WARN_OBJC_LITERAL_CONVERSION = YES;
				CLANG_WARN_OBJC_ROOT_CLASS = YES_ERROR;
				CLANG_WARN_QUOTED_INCLUDE_IN_FRAMEWORK_HEADER = YES;
				CLANG_WARN_RANGE_LOOP_ANALYSIS = YES;
				CLANG_WARN_STRICT_PROTOTYPES = YES;
				CLANG_WARN_SUSPICIOUS_MOVE = YES;
				CLANG_WARN_UNGUARDED_AVAILABILITY = YES_AGGRESSIVE;
				CLANG_WARN_UNREACHABLE_CODE = YES;
				CLANG_WARN__DUPLICATE_METHOD_MATCH = YES;
				COPY_PHASE_STRIP = NO;
				DEBUG_INFORMATION_FORMAT = "dwarf-with-dsym";
				ENABLE_NS_ASSERTIONS = NO;
				ENABLE_STRICT_OBJC_MSGSEND = YES;
				GCC_C_LANGUAGE_STANDARD = gnu11;
				GCC_NO_COMMON_BLOCKS = YES;
				GCC_WARN_64_TO_32_BIT_CONVERSION = YES;
				GCC_WARN_ABOUT_RETURN_TYPE = YES_ERROR;
				GCC_WARN_UNDECLARED_SELECTOR = YES;
				GCC_WARN_UNINITIALIZED_AUTOS = YES_AGGRESSIVE;
				GCC_WARN_UNUSED_FUNCTION = YES;
				GCC_WARN_UNUSED_VARIABLE = YES;
				IPHONEOS_DEPLOYMENT_TARGET = 13.0;
				MTL_ENABLE_DEBUG_INFO = NO;
				MTL_FAST_MATH = YES;
				SDKROOT = iphoneos;
				SWIFT_COMPILATION_MODE = wholemodule;
				SWIFT_OPTIMIZATION_LEVEL = "-O";
				VALIDATE_PRODUCT = YES;
			};
			name = Release;
		};
		B0AAFF2B281A8EF2004BC814 /* Debug */ = {
			isa = XCBuildConfiguration;
			buildSettings = {
				ASSETCATALOG_COMPILER_APPICON_NAME = AppIcon;
				ASSETCATALOG_COMPILER_GLOBAL_ACCENT_COLOR_NAME = AccentColor;
				CODE_SIGN_IDENTITY = "Apple Development";
				CODE_SIGN_STYLE = Automatic;
				CURRENT_PROJECT_VERSION = 24;
				DEVELOPMENT_ASSET_PATHS = "\"pisano-feedback/Preview Content\"";
				DEVELOPMENT_TEAM = 3MJWR4HYD7;
				ENABLE_PREVIEWS = YES;
				GENERATE_INFOPLIST_FILE = YES;
				INFOPLIST_FILE = "pisano-feedback/Resources/Base.lproj/Info.plist";
				INFOPLIST_KEY_CFBundleDisplayName = "Pisano Feedback";
				INFOPLIST_KEY_UIApplicationSupportsIndirectInputEvents = YES;
				INFOPLIST_KEY_UILaunchScreen_Generation = YES;
				INFOPLIST_KEY_UILaunchStoryboardName = "Launch Screen";
				INFOPLIST_KEY_UISupportedInterfaceOrientations = UIInterfaceOrientationPortrait;
				INFOPLIST_KEY_UISupportedInterfaceOrientations_iPad = "UIInterfaceOrientationPortrait UIInterfaceOrientationPortraitUpsideDown UIInterfaceOrientationLandscapeLeft UIInterfaceOrientationLandscapeRight";
				INFOPLIST_KEY_UISupportedInterfaceOrientations_iPhone = "UIInterfaceOrientationPortrait UIInterfaceOrientationLandscapeLeft UIInterfaceOrientationLandscapeRight";
				INFOPLIST_KEY_UIUserInterfaceStyle = Light;
				LD_RUNPATH_SEARCH_PATHS = (
					"$(inherited)",
					"@executable_path/Frameworks",
				);
				MARKETING_VERSION = 1.0;
				PRODUCT_BUNDLE_IDENTIFIER = co.pisano.feedback;
				PRODUCT_NAME = "$(TARGET_NAME)";
				PROVISIONING_PROFILE_SPECIFIER = "";
				SWIFT_EMIT_LOC_STRINGS = YES;
				SWIFT_VERSION = 5.0;
				TARGETED_DEVICE_FAMILY = "1,2";
			};
			name = Debug;
		};
		B0AAFF2C281A8EF2004BC814 /* Release */ = {
			isa = XCBuildConfiguration;
			buildSettings = {
				ASSETCATALOG_COMPILER_APPICON_NAME = AppIcon;
				ASSETCATALOG_COMPILER_GLOBAL_ACCENT_COLOR_NAME = AccentColor;
				CODE_SIGN_IDENTITY = "Apple Development";
				CODE_SIGN_STYLE = Automatic;
				CURRENT_PROJECT_VERSION = 24;
				DEVELOPMENT_ASSET_PATHS = "\"pisano-feedback/Preview Content\"";
				DEVELOPMENT_TEAM = 3MJWR4HYD7;
				ENABLE_PREVIEWS = YES;
				GENERATE_INFOPLIST_FILE = YES;
				INFOPLIST_FILE = "pisano-feedback/Resources/Base.lproj/Info.plist";
				INFOPLIST_KEY_CFBundleDisplayName = "Pisano Feedback";
				INFOPLIST_KEY_UIApplicationSupportsIndirectInputEvents = YES;
				INFOPLIST_KEY_UILaunchScreen_Generation = YES;
				INFOPLIST_KEY_UILaunchStoryboardName = "Launch Screen";
				INFOPLIST_KEY_UISupportedInterfaceOrientations = UIInterfaceOrientationPortrait;
				INFOPLIST_KEY_UISupportedInterfaceOrientations_iPad = "UIInterfaceOrientationPortrait UIInterfaceOrientationPortraitUpsideDown UIInterfaceOrientationLandscapeLeft UIInterfaceOrientationLandscapeRight";
				INFOPLIST_KEY_UISupportedInterfaceOrientations_iPhone = "UIInterfaceOrientationPortrait UIInterfaceOrientationLandscapeLeft UIInterfaceOrientationLandscapeRight";
				INFOPLIST_KEY_UIUserInterfaceStyle = Light;
				LD_RUNPATH_SEARCH_PATHS = (
					"$(inherited)",
					"@executable_path/Frameworks",
				);
				MARKETING_VERSION = 1.0;
				PRODUCT_BUNDLE_IDENTIFIER = co.pisano.feedback;
				PRODUCT_NAME = "$(TARGET_NAME)";
				PROVISIONING_PROFILE_SPECIFIER = "";
				SWIFT_EMIT_LOC_STRINGS = YES;
				SWIFT_VERSION = 5.0;
				TARGETED_DEVICE_FAMILY = "1,2";
			};
			name = Release;
		};
/* End XCBuildConfiguration section */

/* Begin XCConfigurationList section */
		B0AAFF17281A8EEF004BC814 /* Build configuration list for PBXProject "pisano-feedback" */ = {
			isa = XCConfigurationList;
			buildConfigurations = (
				B0AAFF28281A8EF2004BC814 /* Debug */,
				B0AAFF29281A8EF2004BC814 /* Release */,
			);
			defaultConfigurationIsVisible = 0;
			defaultConfigurationName = Release;
		};
		B0AAFF2A281A8EF2004BC814 /* Build configuration list for PBXNativeTarget "pisano-feedback" */ = {
			isa = XCConfigurationList;
			buildConfigurations = (
				B0AAFF2B281A8EF2004BC814 /* Debug */,
				B0AAFF2C281A8EF2004BC814 /* Release */,
			);
			defaultConfigurationIsVisible = 0;
			defaultConfigurationName = Release;
		};
/* End XCConfigurationList section */

/* Begin XCRemoteSwiftPackageReference section */
		E900234E2A8A24AE0037DF2A /* XCRemoteSwiftPackageReference "pisano-ios" */ = {
			isa = XCRemoteSwiftPackageReference;
			repositoryURL = "https://github.com/Pisano/pisano-ios.git";
			requirement = {
				kind = upToNextMajorVersion;
				minimumVersion = 1.0.0;
			};
		};
		E95F92D92861CC4F003AFDBB /* XCRemoteSwiftPackageReference "firebase-ios-sdk" */ = {
			isa = XCRemoteSwiftPackageReference;
			repositoryURL = "https://github.com/firebase/firebase-ios-sdk";
			requirement = {
				kind = upToNextMajorVersion;
				minimumVersion = 9.0.0;
			};
		};
/* End XCRemoteSwiftPackageReference section */

/* Begin XCSwiftPackageProductDependency section */
		E900234F2A8A24AE0037DF2A /* PisanoFeedback */ = {
			isa = XCSwiftPackageProductDependency;
			package = E900234E2A8A24AE0037DF2A /* XCRemoteSwiftPackageReference "pisano-ios" */;
			productName = PisanoFeedback;
		};
		E95F92DA2861CC4F003AFDBB /* FirebaseAnalyticsSwift */ = {
			isa = XCSwiftPackageProductDependency;
			package = E95F92D92861CC4F003AFDBB /* XCRemoteSwiftPackageReference "firebase-ios-sdk" */;
			productName = FirebaseAnalyticsSwift;
		};
		E95F92DC2861CC4F003AFDBB /* FirebaseCrashlytics */ = {
			isa = XCSwiftPackageProductDependency;
			package = E95F92D92861CC4F003AFDBB /* XCRemoteSwiftPackageReference "firebase-ios-sdk" */;
			productName = FirebaseCrashlytics;
		};
		E95F92DE2861CC4F003AFDBB /* FirebaseFirestoreSwift */ = {
			isa = XCSwiftPackageProductDependency;
			package = E95F92D92861CC4F003AFDBB /* XCRemoteSwiftPackageReference "firebase-ios-sdk" */;
			productName = FirebaseFirestoreSwift;
		};
		E95F92E02861CC4F003AFDBB /* FirebaseRemoteConfigSwift */ = {
			isa = XCSwiftPackageProductDependency;
			package = E95F92D92861CC4F003AFDBB /* XCRemoteSwiftPackageReference "firebase-ios-sdk" */;
			productName = FirebaseRemoteConfigSwift;
		};
/* End XCSwiftPackageProductDependency section */
	};
	rootObject = B0AAFF14281A8EEF004BC814 /* Project object */;
}
